// !$*UTF8*$!
{
	archiveVersion = 1;
	classes = {
	};
	objectVersion = 46;
	objects = {

/* Begin PBXBuildFile section */
		375B866F73CE6E6D2DB96AFE /* libPods.a in Frameworks */ = {isa = PBXBuildFile; fileRef = A551913D65EB94424BE3FCB1 /* libPods.a */; };
		B3081F4C1CE4AE5900F13C62 /* DQQRcodeLayer.m in Sources */ = {isa = PBXBuildFile; fileRef = B3081F4B1CE4AE5900F13C62 /* DQQRcodeLayer.m */; };
		B3081F501CE4E40C00F13C62 /* DQQRCodeCreateViewController.m in Sources */ = {isa = PBXBuildFile; fileRef = B3081F4E1CE4E40C00F13C62 /* DQQRCodeCreateViewController.m */; };
		B3081F511CE4E40C00F13C62 /* DQQRCodeCreateViewController.xib in Resources */ = {isa = PBXBuildFile; fileRef = B3081F4F1CE4E40C00F13C62 /* DQQRCodeCreateViewController.xib */; };
		B31EA6431CE4911A00ACB506 /* DQQRCodeScanViewController.m in Sources */ = {isa = PBXBuildFile; fileRef = B31EA6411CE4911A00ACB506 /* DQQRCodeScanViewController.m */; };
		B31EA6441CE4911A00ACB506 /* DQQRCodeScanViewController.xib in Resources */ = {isa = PBXBuildFile; fileRef = B31EA6421CE4911A00ACB506 /* DQQRCodeScanViewController.xib */; };
		B349EF701CE343C1005236EC /* DQSearchViewController.m in Sources */ = {isa = PBXBuildFile; fileRef = B349EF6E1CE343C1005236EC /* DQSearchViewController.m */; };
		B349EF711CE343C1005236EC /* DQSearchViewController.xib in Resources */ = {isa = PBXBuildFile; fileRef = B349EF6F1CE343C1005236EC /* DQSearchViewController.xib */; };
		B369E2D81CD75E6500B41355 /* DQRecordViewController.m in Sources */ = {isa = PBXBuildFile; fileRef = B369E2D61CD75E6500B41355 /* DQRecordViewController.m */; };
		B369E2D91CD75E6500B41355 /* DQRecordViewController.xib in Resources */ = {isa = PBXBuildFile; fileRef = B369E2D71CD75E6500B41355 /* DQRecordViewController.xib */; };
		B369E2E21CD76C5A00B41355 /* DQSelectView.m in Sources */ = {isa = PBXBuildFile; fileRef = B369E2E11CD76C5A00B41355 /* DQSelectView.m */; };
		B369E2E41CD76C6700B41355 /* DQSelectView.xib in Resources */ = {isa = PBXBuildFile; fileRef = B369E2E31CD76C6700B41355 /* DQSelectView.xib */; };
		B369E2E71CD76E6500B41355 /* NSArray+DQHelper.m in Sources */ = {isa = PBXBuildFile; fileRef = B369E2E61CD76E6500B41355 /* NSArray+DQHelper.m */; };
		B369F3CE1CD6AD7C006997E4 /* main.m in Sources */ = {isa = PBXBuildFile; fileRef = B369F3CD1CD6AD7C006997E4 /* main.m */; };
		B369F3D11CD6AD7C006997E4 /* AppDelegate.m in Sources */ = {isa = PBXBuildFile; fileRef = B369F3D01CD6AD7C006997E4 /* AppDelegate.m */; };
		B369F3D71CD6AD7C006997E4 /* Main.storyboard in Resources */ = {isa = PBXBuildFile; fileRef = B369F3D51CD6AD7C006997E4 /* Main.storyboard */; };
		B369F3D91CD6AD7C006997E4 /* Assets.xcassets in Resources */ = {isa = PBXBuildFile; fileRef = B369F3D81CD6AD7C006997E4 /* Assets.xcassets */; };
		B369F3DC1CD6AD7C006997E4 /* LaunchScreen.storyboard in Resources */ = {isa = PBXBuildFile; fileRef = B369F3DA1CD6AD7C006997E4 /* LaunchScreen.storyboard */; };
		B369F3F21CD6AD7C006997E4 /* DQWelcomeViewController.m in Sources */ = {isa = PBXBuildFile; fileRef = B369F3F01CD6AD7C006997E4 /* DQWelcomeViewController.m */; };
		B369F3F31CD6AD7C006997E4 /* DQWelcomeViewController.xib in Resources */ = {isa = PBXBuildFile; fileRef = B369F3F11CD6AD7C006997E4 /* DQWelcomeViewController.xib */; };
		B369F3F61CD6AD7C006997E4 /* Image.bundle in Resources */ = {isa = PBXBuildFile; fileRef = B369F3F51CD6AD7C006997E4 /* Image.bundle */; };
		B369F3FF1CD6AD7C006997E4 /* DQMainViewController.m in Sources */ = {isa = PBXBuildFile; fileRef = B369F3FD1CD6AD7C006997E4 /* DQMainViewController.m */; };
		B369F4001CD6AD7C006997E4 /* DQMainViewController.xib in Resources */ = {isa = PBXBuildFile; fileRef = B369F3FE1CD6AD7C006997E4 /* DQMainViewController.xib */; };
		B369F4051CD6AD7C006997E4 /* DQStudyViewController.m in Sources */ = {isa = PBXBuildFile; fileRef = B369F4031CD6AD7C006997E4 /* DQStudyViewController.m */; };
		B369F4061CD6AD7C006997E4 /* DQStudyViewController.xib in Resources */ = {isa = PBXBuildFile; fileRef = B369F4041CD6AD7C006997E4 /* DQStudyViewController.xib */; };
		B369F40A1CD6AD7C006997E4 /* DQToolViewController.m in Sources */ = {isa = PBXBuildFile; fileRef = B369F4081CD6AD7C006997E4 /* DQToolViewController.m */; };
		B369F40B1CD6AD7C006997E4 /* DQToolViewController.xib in Resources */ = {isa = PBXBuildFile; fileRef = B369F4091CD6AD7C006997E4 /* DQToolViewController.xib */; };
		B369F40F1CD6AD7C006997E4 /* DQMineViewController.m in Sources */ = {isa = PBXBuildFile; fileRef = B369F40D1CD6AD7C006997E4 /* DQMineViewController.m */; };
		B369F4101CD6AD7C006997E4 /* DQMineViewController.xib in Resources */ = {isa = PBXBuildFile; fileRef = B369F40E1CD6AD7C006997E4 /* DQMineViewController.xib */; };
		B369F4131CD6AD7C006997E4 /* DQBaseViewController.m in Sources */ = {isa = PBXBuildFile; fileRef = B369F4121CD6AD7C006997E4 /* DQBaseViewController.m */; };
		B3DC59711CD7A8DF001EE2D0 /* DQFMDBHelper.m in Sources */ = {isa = PBXBuildFile; fileRef = B3DC59701CD7A8DF001EE2D0 /* DQFMDBHelper.m */; };
		B3DC59741CD7AB2A001EE2D0 /* DQListModel.m in Sources */ = {isa = PBXBuildFile; fileRef = B3DC59731CD7AB2A001EE2D0 /* DQListModel.m */; };
		B3DC59771CD7AB3B001EE2D0 /* DQListDao.m in Sources */ = {isa = PBXBuildFile; fileRef = B3DC59761CD7AB3B001EE2D0 /* DQListDao.m */; };
		B3DC597A1CD7AB48001EE2D0 /* DQDetailModel.m in Sources */ = {isa = PBXBuildFile; fileRef = B3DC59791CD7AB48001EE2D0 /* DQDetailModel.m */; };
		B3DC597D1CD7AB53001EE2D0 /* DQDetailDao.m in Sources */ = {isa = PBXBuildFile; fileRef = B3DC597C1CD7AB53001EE2D0 /* DQDetailDao.m */; };
		B3DC59811CD7BAF2001EE2D0 /* DQAddView.m in Sources */ = {isa = PBXBuildFile; fileRef = B3DC59801CD7BAF2001EE2D0 /* DQAddView.m */; };
		B3DC59831CD7BB02001EE2D0 /* DQAddView.xib in Resources */ = {isa = PBXBuildFile; fileRef = B3DC59821CD7BB02001EE2D0 /* DQAddView.xib */; };
/* End PBXBuildFile section */

/* Begin PBXFileReference section */
		371798B9E96C58D83B0A38AB /* Pods.release.xcconfig */ = {isa = PBXFileReference; includeInIndex = 1; lastKnownFileType = text.xcconfig; name = Pods.release.xcconfig; path = "Pods/Target Support Files/Pods/Pods.release.xcconfig"; sourceTree = "<group>"; };
		5C19BD3ABDF6AF3534B88C1E /* Pods.debug.xcconfig */ = {isa = PBXFileReference; includeInIndex = 1; lastKnownFileType = text.xcconfig; name = Pods.debug.xcconfig; path = "Pods/Target Support Files/Pods/Pods.debug.xcconfig"; sourceTree = "<group>"; };
		A551913D65EB94424BE3FCB1 /* libPods.a */ = {isa = PBXFileReference; explicitFileType = archive.ar; includeInIndex = 0; path = libPods.a; sourceTree = BUILT_PRODUCTS_DIR; };
		B3081F4A1CE4AE5900F13C62 /* DQQRcodeLayer.h */ = {isa = PBXFileReference; fileEncoding = 4; lastKnownFileType = sourcecode.c.h; path = DQQRcodeLayer.h; sourceTree = "<group>"; };
		B3081F4B1CE4AE5900F13C62 /* DQQRcodeLayer.m */ = {isa = PBXFileReference; fileEncoding = 4; lastKnownFileType = sourcecode.c.objc; path = DQQRcodeLayer.m; sourceTree = "<group>"; };
		B3081F4D1CE4E40C00F13C62 /* DQQRCodeCreateViewController.h */ = {isa = PBXFileReference; fileEncoding = 4; lastKnownFileType = sourcecode.c.h; path = DQQRCodeCreateViewController.h; sourceTree = "<group>"; };
		B3081F4E1CE4E40C00F13C62 /* DQQRCodeCreateViewController.m */ = {isa = PBXFileReference; fileEncoding = 4; lastKnownFileType = sourcecode.c.objc; path = DQQRCodeCreateViewController.m; sourceTree = "<group>"; };
		B3081F4F1CE4E40C00F13C62 /* DQQRCodeCreateViewController.xib */ = {isa = PBXFileReference; fileEncoding = 4; lastKnownFileType = file.xib; path = DQQRCodeCreateViewController.xib; sourceTree = "<group>"; };
		B31EA6401CE4911A00ACB506 /* DQQRCodeScanViewController.h */ = {isa = PBXFileReference; fileEncoding = 4; lastKnownFileType = sourcecode.c.h; path = DQQRCodeScanViewController.h; sourceTree = "<group>"; };
		B31EA6411CE4911A00ACB506 /* DQQRCodeScanViewController.m */ = {isa = PBXFileReference; fileEncoding = 4; lastKnownFileType = sourcecode.c.objc; path = DQQRCodeScanViewController.m; sourceTree = "<group>"; };
		B31EA6421CE4911A00ACB506 /* DQQRCodeScanViewController.xib */ = {isa = PBXFileReference; fileEncoding = 4; lastKnownFileType = file.xib; path = DQQRCodeScanViewController.xib; sourceTree = "<group>"; };
		B349EF6D1CE343C1005236EC /* DQSearchViewController.h */ = {isa = PBXFileReference; fileEncoding = 4; lastKnownFileType = sourcecode.c.h; path = DQSearchViewController.h; sourceTree = "<group>"; };
		B349EF6E1CE343C1005236EC /* DQSearchViewController.m */ = {isa = PBXFileReference; fileEncoding = 4; lastKnownFileType = sourcecode.c.objc; path = DQSearchViewController.m; sourceTree = "<group>"; };
		B349EF6F1CE343C1005236EC /* DQSearchViewController.xib */ = {isa = PBXFileReference; fileEncoding = 4; lastKnownFileType = file.xib; path = DQSearchViewController.xib; sourceTree = "<group>"; };
		B369E2D51CD75E6500B41355 /* DQRecordViewController.h */ = {isa = PBXFileReference; fileEncoding = 4; lastKnownFileType = sourcecode.c.h; path = DQRecordViewController.h; sourceTree = "<group>"; };
		B369E2D61CD75E6500B41355 /* DQRecordViewController.m */ = {isa = PBXFileReference; fileEncoding = 4; lastKnownFileType = sourcecode.c.objc; path = DQRecordViewController.m; sourceTree = "<group>"; };
		B369E2D71CD75E6500B41355 /* DQRecordViewController.xib */ = {isa = PBXFileReference; fileEncoding = 4; lastKnownFileType = file.xib; path = DQRecordViewController.xib; sourceTree = "<group>"; };
		B369E2E01CD76C5A00B41355 /* DQSelectView.h */ = {isa = PBXFileReference; fileEncoding = 4; lastKnownFileType = sourcecode.c.h; path = DQSelectView.h; sourceTree = "<group>"; };
		B369E2E11CD76C5A00B41355 /* DQSelectView.m */ = {isa = PBXFileReference; fileEncoding = 4; lastKnownFileType = sourcecode.c.objc; path = DQSelectView.m; sourceTree = "<group>"; };
		B369E2E31CD76C6700B41355 /* DQSelectView.xib */ = {isa = PBXFileReference; fileEncoding = 4; lastKnownFileType = file.xib; path = DQSelectView.xib; sourceTree = "<group>"; };
		B369E2E51CD76E6500B41355 /* NSArray+DQHelper.h */ = {isa = PBXFileReference; fileEncoding = 4; lastKnownFileType = sourcecode.c.h; path = "NSArray+DQHelper.h"; sourceTree = "<group>"; };
		B369E2E61CD76E6500B41355 /* NSArray+DQHelper.m */ = {isa = PBXFileReference; fileEncoding = 4; lastKnownFileType = sourcecode.c.objc; path = "NSArray+DQHelper.m"; sourceTree = "<group>"; };
		B369F3C91CD6AD7C006997E4 /* DQStudy.app */ = {isa = PBXFileReference; explicitFileType = wrapper.application; includeInIndex = 0; path = DQStudy.app; sourceTree = BUILT_PRODUCTS_DIR; };
		B369F3CD1CD6AD7C006997E4 /* main.m */ = {isa = PBXFileReference; lastKnownFileType = sourcecode.c.objc; path = main.m; sourceTree = "<group>"; };
		B369F3CF1CD6AD7C006997E4 /* AppDelegate.h */ = {isa = PBXFileReference; lastKnownFileType = sourcecode.c.h; path = AppDelegate.h; sourceTree = "<group>"; };
		B369F3D01CD6AD7C006997E4 /* AppDelegate.m */ = {isa = PBXFileReference; lastKnownFileType = sourcecode.c.objc; path = AppDelegate.m; sourceTree = "<group>"; };
		B369F3D61CD6AD7C006997E4 /* Base */ = {isa = PBXFileReference; lastKnownFileType = file.storyboard; name = Base; path = Base.lproj/Main.storyboard; sourceTree = "<group>"; };
		B369F3D81CD6AD7C006997E4 /* Assets.xcassets */ = {isa = PBXFileReference; lastKnownFileType = folder.assetcatalog; path = Assets.xcassets; sourceTree = "<group>"; };
		B369F3DB1CD6AD7C006997E4 /* Base */ = {isa = PBXFileReference; lastKnownFileType = file.storyboard; name = Base; path = Base.lproj/LaunchScreen.storyboard; sourceTree = "<group>"; };
		B369F3DD1CD6AD7C006997E4 /* Info.plist */ = {isa = PBXFileReference; lastKnownFileType = text.plist.xml; path = Info.plist; sourceTree = "<group>"; };
		B369F3EE1CD6AD7C006997E4 /* PrefixHeader.pch */ = {isa = PBXFileReference; lastKnownFileType = sourcecode.c.h; path = PrefixHeader.pch; sourceTree = "<group>"; };
		B369F3EF1CD6AD7C006997E4 /* DQWelcomeViewController.h */ = {isa = PBXFileReference; fileEncoding = 4; lastKnownFileType = sourcecode.c.h; path = DQWelcomeViewController.h; sourceTree = "<group>"; };
		B369F3F01CD6AD7C006997E4 /* DQWelcomeViewController.m */ = {isa = PBXFileReference; fileEncoding = 4; lastKnownFileType = sourcecode.c.objc; path = DQWelcomeViewController.m; sourceTree = "<group>"; };
		B369F3F11CD6AD7C006997E4 /* DQWelcomeViewController.xib */ = {isa = PBXFileReference; fileEncoding = 4; lastKnownFileType = file.xib; path = DQWelcomeViewController.xib; sourceTree = "<group>"; };
		B369F3F51CD6AD7C006997E4 /* Image.bundle */ = {isa = PBXFileReference; lastKnownFileType = "wrapper.plug-in"; path = Image.bundle; sourceTree = "<group>"; };
		B369F3FC1CD6AD7C006997E4 /* DQMainViewController.h */ = {isa = PBXFileReference; fileEncoding = 4; lastKnownFileType = sourcecode.c.h; path = DQMainViewController.h; sourceTree = "<group>"; };
		B369F3FD1CD6AD7C006997E4 /* DQMainViewController.m */ = {isa = PBXFileReference; fileEncoding = 4; lastKnownFileType = sourcecode.c.objc; path = DQMainViewController.m; sourceTree = "<group>"; };
		B369F3FE1CD6AD7C006997E4 /* DQMainViewController.xib */ = {isa = PBXFileReference; fileEncoding = 4; lastKnownFileType = file.xib; path = DQMainViewController.xib; sourceTree = "<group>"; };
		B369F4021CD6AD7C006997E4 /* DQStudyViewController.h */ = {isa = PBXFileReference; fileEncoding = 4; lastKnownFileType = sourcecode.c.h; path = DQStudyViewController.h; sourceTree = "<group>"; };
		B369F4031CD6AD7C006997E4 /* DQStudyViewController.m */ = {isa = PBXFileReference; fileEncoding = 4; lastKnownFileType = sourcecode.c.objc; path = DQStudyViewController.m; sourceTree = "<group>"; };
		B369F4041CD6AD7C006997E4 /* DQStudyViewController.xib */ = {isa = PBXFileReference; fileEncoding = 4; lastKnownFileType = file.xib; path = DQStudyViewController.xib; sourceTree = "<group>"; };
		B369F4071CD6AD7C006997E4 /* DQToolViewController.h */ = {isa = PBXFileReference; fileEncoding = 4; lastKnownFileType = sourcecode.c.h; path = DQToolViewController.h; sourceTree = "<group>"; };
		B369F4081CD6AD7C006997E4 /* DQToolViewController.m */ = {isa = PBXFileReference; fileEncoding = 4; lastKnownFileType = sourcecode.c.objc; path = DQToolViewController.m; sourceTree = "<group>"; };
		B369F4091CD6AD7C006997E4 /* DQToolViewController.xib */ = {isa = PBXFileReference; fileEncoding = 4; lastKnownFileType = file.xib; path = DQToolViewController.xib; sourceTree = "<group>"; };
		B369F40C1CD6AD7C006997E4 /* DQMineViewController.h */ = {isa = PBXFileReference; fileEncoding = 4; lastKnownFileType = sourcecode.c.h; path = DQMineViewController.h; sourceTree = "<group>"; };
		B369F40D1CD6AD7C006997E4 /* DQMineViewController.m */ = {isa = PBXFileReference; fileEncoding = 4; lastKnownFileType = sourcecode.c.objc; path = DQMineViewController.m; sourceTree = "<group>"; };
		B369F40E1CD6AD7C006997E4 /* DQMineViewController.xib */ = {isa = PBXFileReference; fileEncoding = 4; lastKnownFileType = file.xib; path = DQMineViewController.xib; sourceTree = "<group>"; };
		B369F4111CD6AD7C006997E4 /* DQBaseViewController.h */ = {isa = PBXFileReference; fileEncoding = 4; lastKnownFileType = sourcecode.c.h; path = DQBaseViewController.h; sourceTree = "<group>"; };
		B369F4121CD6AD7C006997E4 /* DQBaseViewController.m */ = {isa = PBXFileReference; fileEncoding = 4; lastKnownFileType = sourcecode.c.objc; path = DQBaseViewController.m; sourceTree = "<group>"; };
		B3DC596F1CD7A8DF001EE2D0 /* DQFMDBHelper.h */ = {isa = PBXFileReference; fileEncoding = 4; lastKnownFileType = sourcecode.c.h; path = DQFMDBHelper.h; sourceTree = "<group>"; };
		B3DC59701CD7A8DF001EE2D0 /* DQFMDBHelper.m */ = {isa = PBXFileReference; fileEncoding = 4; lastKnownFileType = sourcecode.c.objc; path = DQFMDBHelper.m; sourceTree = "<group>"; };
		B3DC59721CD7AB2A001EE2D0 /* DQListModel.h */ = {isa = PBXFileReference; fileEncoding = 4; lastKnownFileType = sourcecode.c.h; path = DQListModel.h; sourceTree = "<group>"; };
		B3DC59731CD7AB2A001EE2D0 /* DQListModel.m */ = {isa = PBXFileReference; fileEncoding = 4; lastKnownFileType = sourcecode.c.objc; path = DQListModel.m; sourceTree = "<group>"; };
		B3DC59751CD7AB3B001EE2D0 /* DQListDao.h */ = {isa = PBXFileReference; fileEncoding = 4; lastKnownFileType = sourcecode.c.h; path = DQListDao.h; sourceTree = "<group>"; };
		B3DC59761CD7AB3B001EE2D0 /* DQListDao.m */ = {isa = PBXFileReference; fileEncoding = 4; lastKnownFileType = sourcecode.c.objc; path = DQListDao.m; sourceTree = "<group>"; };
		B3DC59781CD7AB48001EE2D0 /* DQDetailModel.h */ = {isa = PBXFileReference; fileEncoding = 4; lastKnownFileType = sourcecode.c.h; path = DQDetailModel.h; sourceTree = "<group>"; };
		B3DC59791CD7AB48001EE2D0 /* DQDetailModel.m */ = {isa = PBXFileReference; fileEncoding = 4; lastKnownFileType = sourcecode.c.objc; path = DQDetailModel.m; sourceTree = "<group>"; };
		B3DC597B1CD7AB53001EE2D0 /* DQDetailDao.h */ = {isa = PBXFileReference; fileEncoding = 4; lastKnownFileType = sourcecode.c.h; path = DQDetailDao.h; sourceTree = "<group>"; };
		B3DC597C1CD7AB53001EE2D0 /* DQDetailDao.m */ = {isa = PBXFileReference; fileEncoding = 4; lastKnownFileType = sourcecode.c.objc; path = DQDetailDao.m; sourceTree = "<group>"; };
		B3DC597F1CD7BAF2001EE2D0 /* DQAddView.h */ = {isa = PBXFileReference; fileEncoding = 4; lastKnownFileType = sourcecode.c.h; path = DQAddView.h; sourceTree = "<group>"; };
		B3DC59801CD7BAF2001EE2D0 /* DQAddView.m */ = {isa = PBXFileReference; fileEncoding = 4; lastKnownFileType = sourcecode.c.objc; path = DQAddView.m; sourceTree = "<group>"; };
		B3DC59821CD7BB02001EE2D0 /* DQAddView.xib */ = {isa = PBXFileReference; fileEncoding = 4; lastKnownFileType = file.xib; path = DQAddView.xib; sourceTree = "<group>"; };
/* End PBXFileReference section */

/* Begin PBXFrameworksBuildPhase section */
		B369F3C61CD6AD7C006997E4 /* Frameworks */ = {
			isa = PBXFrameworksBuildPhase;
			buildActionMask = 2147483647;
			files = (
				375B866F73CE6E6D2DB96AFE /* libPods.a in Frameworks */,
			);
			runOnlyForDeploymentPostprocessing = 0;
		};
/* End PBXFrameworksBuildPhase section */

/* Begin PBXGroup section */
		6217D751101B769090778A2B /* Frameworks */ = {
			isa = PBXGroup;
			children = (
				A551913D65EB94424BE3FCB1 /* libPods.a */,
			);
			name = Frameworks;
			sourceTree = "<group>";
		};
		B3081F491CE4AD9600F13C62 /* Layer */ = {
			isa = PBXGroup;
			children = (
				B3081F4A1CE4AE5900F13C62 /* DQQRcodeLayer.h */,
				B3081F4B1CE4AE5900F13C62 /* DQQRcodeLayer.m */,
			);
			path = Layer;
			sourceTree = "<group>";
		};
		B31EA63E1CE4897D00ACB506 /* LookDaily */ = {
			isa = PBXGroup;
			children = (
			);
			path = LookDaily;
			sourceTree = "<group>";
		};
		B31EA63F1CE4897D00ACB506 /* QRCode */ = {
			isa = PBXGroup;
			children = (
				B31EA6401CE4911A00ACB506 /* DQQRCodeScanViewController.h */,
				B31EA6411CE4911A00ACB506 /* DQQRCodeScanViewController.m */,
				B31EA6421CE4911A00ACB506 /* DQQRCodeScanViewController.xib */,
				B3081F4D1CE4E40C00F13C62 /* DQQRCodeCreateViewController.h */,
				B3081F4E1CE4E40C00F13C62 /* DQQRCodeCreateViewController.m */,
				B3081F4F1CE4E40C00F13C62 /* DQQRCodeCreateViewController.xib */,
			);
			path = QRCode;
			sourceTree = "<group>";
		};
		B369E2DF1CD76C4100B41355 /* selectView */ = {
			isa = PBXGroup;
			children = (
				B369E2E01CD76C5A00B41355 /* DQSelectView.h */,
				B369E2E11CD76C5A00B41355 /* DQSelectView.m */,
				B369E2E31CD76C6700B41355 /* DQSelectView.xib */,
			);
			path = selectView;
			sourceTree = "<group>";
		};
		B369F3C01CD6AD7C006997E4 = {
			isa = PBXGroup;
			children = (
				B369F3CB1CD6AD7C006997E4 /* DQStudy */,
				B369F3CA1CD6AD7C006997E4 /* Products */,
				F2611C27ED114452DEF6A393 /* Pods */,
				6217D751101B769090778A2B /* Frameworks */,
			);
			sourceTree = "<group>";
		};
		B369F3CA1CD6AD7C006997E4 /* Products */ = {
			isa = PBXGroup;
			children = (
				B369F3C91CD6AD7C006997E4 /* DQStudy.app */,
			);
			name = Products;
			sourceTree = "<group>";
		};
		B369F3CB1CD6AD7C006997E4 /* DQStudy */ = {
			isa = PBXGroup;
			children = (
				B369F3E31CD6AD7C006997E4 /* Common */,
				B369F3E61CD6AD7C006997E4 /* Controller */,
				B369F3E71CD6AD7C006997E4 /* Model */,
				B369F3E81CD6AD7C006997E4 /* Server */,
				B369F3E91CD6AD7C006997E4 /* View */,
				B369F3F41CD6AD7C006997E4 /* Resource */,
				B369F3CF1CD6AD7C006997E4 /* AppDelegate.h */,
				B369F3D01CD6AD7C006997E4 /* AppDelegate.m */,
				B369F3D51CD6AD7C006997E4 /* Main.storyboard */,
				B369F3D81CD6AD7C006997E4 /* Assets.xcassets */,
				B369F3DA1CD6AD7C006997E4 /* LaunchScreen.storyboard */,
				B369F3DD1CD6AD7C006997E4 /* Info.plist */,
				B369F3EE1CD6AD7C006997E4 /* PrefixHeader.pch */,
				B369F3CC1CD6AD7C006997E4 /* Supporting Files */,
			);
			path = DQStudy;
			sourceTree = "<group>";
		};
		B369F3CC1CD6AD7C006997E4 /* Supporting Files */ = {
			isa = PBXGroup;
			children = (
				B369F3CD1CD6AD7C006997E4 /* main.m */,
			);
			name = "Supporting Files";
			sourceTree = "<group>";
		};
		B369F3E31CD6AD7C006997E4 /* Common */ = {
			isa = PBXGroup;
			children = (
				B369F3E41CD6AD7C006997E4 /* Cagetory */,
				B369F3E51CD6AD7C006997E4 /* Layout */,
				B3081F491CE4AD9600F13C62 /* Layer */,
			);
			path = Common;
			sourceTree = "<group>";
		};
		B369F3E41CD6AD7C006997E4 /* Cagetory */ = {
			isa = PBXGroup;
			children = (
				B369E2E51CD76E6500B41355 /* NSArray+DQHelper.h */,
				B369E2E61CD76E6500B41355 /* NSArray+DQHelper.m */,
			);
			path = Cagetory;
			sourceTree = "<group>";
		};
		B369F3E51CD6AD7C006997E4 /* Layout */ = {
			isa = PBXGroup;
			children = (
			);
			path = Layout;
			sourceTree = "<group>";
		};
		B369F3E61CD6AD7C006997E4 /* Controller */ = {
			isa = PBXGroup;
			children = (
				B369F4011CD6AD7C006997E4 /* Base */,
				B369F3EA1CD6AD7C006997E4 /* Main */,
				B369F3EC1CD6AD7C006997E4 /* Study */,
				B369F3ED1CD6AD7C006997E4 /* Tool */,
				B369F3EB1CD6AD7C006997E4 /* Mine */,
			);
			path = Controller;
			sourceTree = "<group>";
		};
		B369F3E71CD6AD7C006997E4 /* Model */ = {
			isa = PBXGroup;
			children = (
				B3DC596F1CD7A8DF001EE2D0 /* DQFMDBHelper.h */,
				B3DC59701CD7A8DF001EE2D0 /* DQFMDBHelper.m */,
				B3DC59721CD7AB2A001EE2D0 /* DQListModel.h */,
				B3DC59731CD7AB2A001EE2D0 /* DQListModel.m */,
				B3DC59751CD7AB3B001EE2D0 /* DQListDao.h */,
				B3DC59761CD7AB3B001EE2D0 /* DQListDao.m */,
				B3DC59781CD7AB48001EE2D0 /* DQDetailModel.h */,
				B3DC59791CD7AB48001EE2D0 /* DQDetailModel.m */,
				B3DC597B1CD7AB53001EE2D0 /* DQDetailDao.h */,
				B3DC597C1CD7AB53001EE2D0 /* DQDetailDao.m */,
			);
			path = Model;
			sourceTree = "<group>";
		};
		B369F3E81CD6AD7C006997E4 /* Server */ = {
			isa = PBXGroup;
			children = (
			);
			path = Server;
			sourceTree = "<group>";
		};
		B369F3E91CD6AD7C006997E4 /* View */ = {
			isa = PBXGroup;
			children = (
				B369E2DF1CD76C4100B41355 /* selectView */,
				B3DC597E1CD7B50C001EE2D0 /* addView */,
			);
			path = View;
			sourceTree = "<group>";
		};
		B369F3EA1CD6AD7C006997E4 /* Main */ = {
			isa = PBXGroup;
			children = (
				B369F3EF1CD6AD7C006997E4 /* DQWelcomeViewController.h */,
				B369F3F01CD6AD7C006997E4 /* DQWelcomeViewController.m */,
				B369F3F11CD6AD7C006997E4 /* DQWelcomeViewController.xib */,
				B369F3FC1CD6AD7C006997E4 /* DQMainViewController.h */,
				B369F3FD1CD6AD7C006997E4 /* DQMainViewController.m */,
				B369F3FE1CD6AD7C006997E4 /* DQMainViewController.xib */,
			);
			path = Main;
			sourceTree = "<group>";
		};
		B369F3EB1CD6AD7C006997E4 /* Mine */ = {
			isa = PBXGroup;
			children = (
				B369F40C1CD6AD7C006997E4 /* DQMineViewController.h */,
				B369F40D1CD6AD7C006997E4 /* DQMineViewController.m */,
				B369F40E1CD6AD7C006997E4 /* DQMineViewController.xib */,
			);
			path = Mine;
			sourceTree = "<group>";
		};
		B369F3EC1CD6AD7C006997E4 /* Study */ = {
			isa = PBXGroup;
			children = (
				B369F4021CD6AD7C006997E4 /* DQStudyViewController.h */,
				B369F4031CD6AD7C006997E4 /* DQStudyViewController.m */,
				B369F4041CD6AD7C006997E4 /* DQStudyViewController.xib */,
				B369E2D51CD75E6500B41355 /* DQRecordViewController.h */,
				B369E2D61CD75E6500B41355 /* DQRecordViewController.m */,
				B369E2D71CD75E6500B41355 /* DQRecordViewController.xib */,
				B349EF6D1CE343C1005236EC /* DQSearchViewController.h */,
				B349EF6E1CE343C1005236EC /* DQSearchViewController.m */,
				B349EF6F1CE343C1005236EC /* DQSearchViewController.xib */,
			);
			path = Study;
			sourceTree = "<group>";
		};
		B369F3ED1CD6AD7C006997E4 /* Tool */ = {
			isa = PBXGroup;
			children = (
				B369F4071CD6AD7C006997E4 /* DQToolViewController.h */,
				B369F4081CD6AD7C006997E4 /* DQToolViewController.m */,
				B369F4091CD6AD7C006997E4 /* DQToolViewController.xib */,
				B31EA63E1CE4897D00ACB506 /* LookDaily */,
				B31EA63F1CE4897D00ACB506 /* QRCode */,
			);
			path = Tool;
			sourceTree = "<group>";
		};
		B369F3F41CD6AD7C006997E4 /* Resource */ = {
			isa = PBXGroup;
			children = (
				B369F3F51CD6AD7C006997E4 /* Image.bundle */,
			);
			path = Resource;
			sourceTree = "<group>";
		};
		B369F4011CD6AD7C006997E4 /* Base */ = {
			isa = PBXGroup;
			children = (
				B369F4111CD6AD7C006997E4 /* DQBaseViewController.h */,
				B369F4121CD6AD7C006997E4 /* DQBaseViewController.m */,
			);
			path = Base;
			sourceTree = "<group>";
		};
		B3DC597E1CD7B50C001EE2D0 /* addView */ = {
			isa = PBXGroup;
			children = (
				B3DC597F1CD7BAF2001EE2D0 /* DQAddView.h */,
				B3DC59801CD7BAF2001EE2D0 /* DQAddView.m */,
				B3DC59821CD7BB02001EE2D0 /* DQAddView.xib */,
			);
			path = addView;
			sourceTree = "<group>";
		};
		F2611C27ED114452DEF6A393 /* Pods */ = {
			isa = PBXGroup;
			children = (
				5C19BD3ABDF6AF3534B88C1E /* Pods.debug.xcconfig */,
				371798B9E96C58D83B0A38AB /* Pods.release.xcconfig */,
			);
			name = Pods;
			sourceTree = "<group>";
		};
/* End PBXGroup section */

/* Begin PBXNativeTarget section */
		B369F3C81CD6AD7C006997E4 /* DQStudy */ = {
			isa = PBXNativeTarget;
			buildConfigurationList = B369F3E01CD6AD7C006997E4 /* Build configuration list for PBXNativeTarget "DQStudy" */;
			buildPhases = (
				68604A9F22574DC0AF0B94C6 /* Check Pods Manifest.lock */,
				B369F3C51CD6AD7C006997E4 /* Sources */,
				B369F3C61CD6AD7C006997E4 /* Frameworks */,
				B369F3C71CD6AD7C006997E4 /* Resources */,
				BB25C990ED9FE2CE50DC28D4 /* Embed Pods Frameworks */,
				EADB7853B765C10C87A1C699 /* Copy Pods Resources */,
			);
			buildRules = (
			);
			dependencies = (
			);
			name = DQStudy;
			productName = DQStudy;
			productReference = B369F3C91CD6AD7C006997E4 /* DQStudy.app */;
			productType = "com.apple.product-type.application";
		};
/* End PBXNativeTarget section */

/* Begin PBXProject section */
		B369F3C11CD6AD7C006997E4 /* Project object */ = {
			isa = PBXProject;
			attributes = {
				CLASSPREFIX = DQ;
				LastUpgradeCheck = 0720;
				ORGANIZATIONNAME = youdingquan;
				TargetAttributes = {
					B369F3C81CD6AD7C006997E4 = {
						CreatedOnToolsVersion = 7.2;
						DevelopmentTeam = 22N43T8TU4;
					};
				};
			};
			buildConfigurationList = B369F3C41CD6AD7C006997E4 /* Build configuration list for PBXProject "DQStudy" */;
			compatibilityVersion = "Xcode 3.2";
			developmentRegion = English;
			hasScannedForEncodings = 0;
			knownRegions = (
				en,
				Base,
			);
			mainGroup = B369F3C01CD6AD7C006997E4;
			productRefGroup = B369F3CA1CD6AD7C006997E4 /* Products */;
			projectDirPath = "";
			projectRoot = "";
			targets = (
				B369F3C81CD6AD7C006997E4 /* DQStudy */,
			);
		};
/* End PBXProject section */

/* Begin PBXResourcesBuildPhase section */
		B369F3C71CD6AD7C006997E4 /* Resources */ = {
			isa = PBXResourcesBuildPhase;
			buildActionMask = 2147483647;
			files = (
				B369F3F31CD6AD7C006997E4 /* DQWelcomeViewController.xib in Resources */,
				B369F4101CD6AD7C006997E4 /* DQMineViewController.xib in Resources */,
				B369E2D91CD75E6500B41355 /* DQRecordViewController.xib in Resources */,
				B369F3DC1CD6AD7C006997E4 /* LaunchScreen.storyboard in Resources */,
				B369F4001CD6AD7C006997E4 /* DQMainViewController.xib in Resources */,
				B369F40B1CD6AD7C006997E4 /* DQToolViewController.xib in Resources */,
				B349EF711CE343C1005236EC /* DQSearchViewController.xib in Resources */,
				B3081F511CE4E40C00F13C62 /* DQQRCodeCreateViewController.xib in Resources */,
				B369F3F61CD6AD7C006997E4 /* Image.bundle in Resources */,
				B31EA6441CE4911A00ACB506 /* DQQRCodeScanViewController.xib in Resources */,
				B3DC59831CD7BB02001EE2D0 /* DQAddView.xib in Resources */,
				B369F4061CD6AD7C006997E4 /* DQStudyViewController.xib in Resources */,
				B369F3D91CD6AD7C006997E4 /* Assets.xcassets in Resources */,
				B369E2E41CD76C6700B41355 /* DQSelectView.xib in Resources */,
				B369F3D71CD6AD7C006997E4 /* Main.storyboard in Resources */,
			);
			runOnlyForDeploymentPostprocessing = 0;
		};
/* End PBXResourcesBuildPhase section */

/* Begin PBXShellScriptBuildPhase section */
		68604A9F22574DC0AF0B94C6 /* Check Pods Manifest.lock */ = {
			isa = PBXShellScriptBuildPhase;
			buildActionMask = 2147483647;
			files = (
			);
			inputPaths = (
			);
			name = "Check Pods Manifest.lock";
			outputPaths = (
			);
			runOnlyForDeploymentPostprocessing = 0;
			shellPath = /bin/sh;
			shellScript = "diff \"${PODS_ROOT}/../Podfile.lock\" \"${PODS_ROOT}/Manifest.lock\" > /dev/null\nif [[ $? != 0 ]] ; then\n    cat << EOM\nerror: The sandbox is not in sync with the Podfile.lock. Run 'pod install' or update your CocoaPods installation.\nEOM\n    exit 1\nfi\n";
			showEnvVarsInLog = 0;
		};
		BB25C990ED9FE2CE50DC28D4 /* Embed Pods Frameworks */ = {
			isa = PBXShellScriptBuildPhase;
			buildActionMask = 2147483647;
			files = (
			);
			inputPaths = (
			);
			name = "Embed Pods Frameworks";
			outputPaths = (
			);
			runOnlyForDeploymentPostprocessing = 0;
			shellPath = /bin/sh;
			shellScript = "\"${SRCROOT}/Pods/Target Support Files/Pods/Pods-frameworks.sh\"\n";
			showEnvVarsInLog = 0;
		};
		EADB7853B765C10C87A1C699 /* Copy Pods Resources */ = {
			isa = PBXShellScriptBuildPhase;
			buildActionMask = 2147483647;
			files = (
			);
			inputPaths = (
			);
			name = "Copy Pods Resources";
			outputPaths = (
			);
			runOnlyForDeploymentPostprocessing = 0;
			shellPath = /bin/sh;
			shellScript = "\"${SRCROOT}/Pods/Target Support Files/Pods/Pods-resources.sh\"\n";
			showEnvVarsInLog = 0;
		};
/* End PBXShellScriptBuildPhase section */

/* Begin PBXSourcesBuildPhase section */
		B369F3C51CD6AD7C006997E4 /* Sources */ = {
			isa = PBXSourcesBuildPhase;
			buildActionMask = 2147483647;
			files = (
				B3DC597A1CD7AB48001EE2D0 /* DQDetailModel.m in Sources */,
				B369F4131CD6AD7C006997E4 /* DQBaseViewController.m in Sources */,
				B3081F4C1CE4AE5900F13C62 /* DQQRcodeLayer.m in Sources */,
				B369F3F21CD6AD7C006997E4 /* DQWelcomeViewController.m in Sources */,
				B349EF701CE343C1005236EC /* DQSearchViewController.m in Sources */,
				B369F3D11CD6AD7C006997E4 /* AppDelegate.m in Sources */,
				B3DC597D1CD7AB53001EE2D0 /* DQDetailDao.m in Sources */,
				B3DC59711CD7A8DF001EE2D0 /* DQFMDBHelper.m in Sources */,
				B369E2E21CD76C5A00B41355 /* DQSelectView.m in Sources */,
				B369F40F1CD6AD7C006997E4 /* DQMineViewController.m in Sources */,
				B31EA6431CE4911A00ACB506 /* DQQRCodeScanViewController.m in Sources */,
				B369E2D81CD75E6500B41355 /* DQRecordViewController.m in Sources */,
				B3DC59771CD7AB3B001EE2D0 /* DQListDao.m in Sources */,
				B369F3FF1CD6AD7C006997E4 /* DQMainViewController.m in Sources */,
				B369F4051CD6AD7C006997E4 /* DQStudyViewController.m in Sources */,
				B3DC59741CD7AB2A001EE2D0 /* DQListModel.m in Sources */,
				B369E2E71CD76E6500B41355 /* NSArray+DQHelper.m in Sources */,
				B369F3CE1CD6AD7C006997E4 /* main.m in Sources */,
				B3081F501CE4E40C00F13C62 /* DQQRCodeCreateViewController.m in Sources */,
				B3DC59811CD7BAF2001EE2D0 /* DQAddView.m in Sources */,
				B369F40A1CD6AD7C006997E4 /* DQToolViewController.m in Sources */,
			);
			runOnlyForDeploymentPostprocessing = 0;
		};
/* End PBXSourcesBuildPhase section */

/* Begin PBXVariantGroup section */
		B369F3D51CD6AD7C006997E4 /* Main.storyboard */ = {
			isa = PBXVariantGroup;
			children = (
				B369F3D61CD6AD7C006997E4 /* Base */,
			);
			name = Main.storyboard;
			sourceTree = "<group>";
		};
		B369F3DA1CD6AD7C006997E4 /* LaunchScreen.storyboard */ = {
			isa = PBXVariantGroup;
			children = (
				B369F3DB1CD6AD7C006997E4 /* Base */,
			);
			name = LaunchScreen.storyboard;
			sourceTree = "<group>";
		};
/* End PBXVariantGroup section */

/* Begin XCBuildConfiguration section */
		B369F3DE1CD6AD7C006997E4 /* Debug */ = {
			isa = XCBuildConfiguration;
			buildSettings = {
				ALWAYS_SEARCH_USER_PATHS = NO;
				CLANG_CXX_LANGUAGE_STANDARD = "gnu++0x";
				CLANG_CXX_LIBRARY = "libc++";
				CLANG_ENABLE_MODULES = YES;
				CLANG_ENABLE_OBJC_ARC = YES;
				CLANG_WARN_BOOL_CONVERSION = YES;
				CLANG_WARN_CONSTANT_CONVERSION = YES;
				CLANG_WARN_DIRECT_OBJC_ISA_USAGE = YES_ERROR;
				CLANG_WARN_EMPTY_BODY = YES;
				CLANG_WARN_ENUM_CONVERSION = YES;
				CLANG_WARN_INT_CONVERSION = YES;
				CLANG_WARN_OBJC_ROOT_CLASS = YES_ERROR;
				CLANG_WARN_UNREACHABLE_CODE = YES;
				CLANG_WARN__DUPLICATE_METHOD_MATCH = YES;
				CODE_SIGN_IDENTITY = "iPhone Developer: ydq19920924@icloud.com (Y7MKB6E9RY)";
				"CODE_SIGN_IDENTITY[sdk=iphoneos*]" = "iPhone Developer";
				COPY_PHASE_STRIP = NO;
				DEBUG_INFORMATION_FORMAT = dwarf;
				ENABLE_STRICT_OBJC_MSGSEND = YES;
				ENABLE_TESTABILITY = YES;
				GCC_C_LANGUAGE_STANDARD = gnu99;
				GCC_DYNAMIC_NO_PIC = NO;
				GCC_NO_COMMON_BLOCKS = YES;
				GCC_OPTIMIZATION_LEVEL = 0;
				GCC_PREPROCESSOR_DEFINITIONS = (
					"DEBUG=1",
					"$(inherited)",
				);
				GCC_WARN_64_TO_32_BIT_CONVERSION = YES;
				GCC_WARN_ABOUT_RETURN_TYPE = YES_ERROR;
				GCC_WARN_UNDECLARED_SELECTOR = YES;
				GCC_WARN_UNINITIALIZED_AUTOS = YES_AGGRESSIVE;
				GCC_WARN_UNUSED_FUNCTION = YES;
				GCC_WARN_UNUSED_VARIABLE = YES;
				IPHONEOS_DEPLOYMENT_TARGET = 9.2;
				MTL_ENABLE_DEBUG_INFO = YES;
				ONLY_ACTIVE_ARCH = YES;
				PROVISIONING_PROFILE = "86e51ebd-2952-4607-9da6-be08b12494ba";
				SDKROOT = iphoneos;
				VALIDATE_PRODUCT = YES;
			};
			name = Debug;
		};
		B369F3DF1CD6AD7C006997E4 /* Release */ = {
			isa = XCBuildConfiguration;
			buildSettings = {
				ALWAYS_SEARCH_USER_PATHS = NO;
				CLANG_CXX_LANGUAGE_STANDARD = "gnu++0x";
				CLANG_CXX_LIBRARY = "libc++";
				CLANG_ENABLE_MODULES = YES;
				CLANG_ENABLE_OBJC_ARC = YES;
				CLANG_WARN_BOOL_CONVERSION = YES;
				CLANG_WARN_CONSTANT_CONVERSION = YES;
				CLANG_WARN_DIRECT_OBJC_ISA_USAGE = YES_ERROR;
				CLANG_WARN_EMPTY_BODY = YES;
				CLANG_WARN_ENUM_CONVERSION = YES;
				CLANG_WARN_INT_CONVERSION = YES;
				CLANG_WARN_OBJC_ROOT_CLASS = YES_ERROR;
				CLANG_WARN_UNREACHABLE_CODE = YES;
				CLANG_WARN__DUPLICATE_METHOD_MATCH = YES;
				CODE_SIGN_IDENTITY = "iPhone Developer: ydq19920924@icloud.com (Y7MKB6E9RY)";
				"CODE_SIGN_IDENTITY[sdk=iphoneos*]" = "iPhone Developer";
				COPY_PHASE_STRIP = NO;
				DEBUG_INFORMATION_FORMAT = "dwarf-with-dsym";
				ENABLE_NS_ASSERTIONS = NO;
				ENABLE_STRICT_OBJC_MSGSEND = YES;
				GCC_C_LANGUAGE_STANDARD = gnu99;
				GCC_NO_COMMON_BLOCKS = YES;
				GCC_WARN_64_TO_32_BIT_CONVERSION = YES;
				GCC_WARN_ABOUT_RETURN_TYPE = YES_ERROR;
				GCC_WARN_UNDECLARED_SELECTOR = YES;
				GCC_WARN_UNINITIALIZED_AUTOS = YES_AGGRESSIVE;
				GCC_WARN_UNUSED_FUNCTION = YES;
				GCC_WARN_UNUSED_VARIABLE = YES;
				IPHONEOS_DEPLOYMENT_TARGET = 9.2;
				MTL_ENABLE_DEBUG_INFO = NO;
				PROVISIONING_PROFILE = "86e51ebd-2952-4607-9da6-be08b12494ba";
				SDKROOT = iphoneos;
				VALIDATE_PRODUCT = NO;
			};
			name = Release;
		};
		B369F3E11CD6AD7C006997E4 /* Debug */ = {
			isa = XCBuildConfiguration;
			baseConfigurationReference = 5C19BD3ABDF6AF3534B88C1E /* Pods.debug.xcconfig */;
			buildSettings = {
				ASSETCATALOG_COMPILER_APPICON_NAME = AppIcon;
				CODE_SIGN_IDENTITY = "iPhone Developer";
				"CODE_SIGN_IDENTITY[sdk=iphoneos*]" = "iPhone Developer";
				GCC_PREFIX_HEADER = "${SRCROOT}/DQStudy/PrefixHeader.pch";
				INFOPLIST_FILE = DQStudy/Info.plist;
				LD_RUNPATH_SEARCH_PATHS = "$(inherited) @executable_path/Frameworks";
				PRODUCT_BUNDLE_IDENTIFIER = ydq.DQDevelopmentStudy;
				PRODUCT_NAME = "$(TARGET_NAME)";
				PROVISIONING_PROFILE = "c6fa6312-2144-4c5d-b82d-b3c2939f43e3";
			};
			name = Debug;
		};
		B369F3E21CD6AD7C006997E4 /* Release */ = {
			isa = XCBuildConfiguration;
			baseConfigurationReference = 371798B9E96C58D83B0A38AB /* Pods.release.xcconfig */;
			buildSettings = {
				ASSETCATALOG_COMPILER_APPICON_NAME = AppIcon;
				CODE_SIGN_IDENTITY = "iPhone Developer";
				"CODE_SIGN_IDENTITY[sdk=iphoneos*]" = "iPhone Developer";
				GCC_PREFIX_HEADER = "${SRCROOT}/DQStudy/PrefixHeader.pch";
				INFOPLIST_FILE = DQStudy/Info.plist;
				LD_RUNPATH_SEARCH_PATHS = "$(inherited) @executable_path/Frameworks";
				PRODUCT_BUNDLE_IDENTIFIER = ydq.DQDevelopmentStudy;
				PRODUCT_NAME = "$(TARGET_NAME)";
				PROVISIONING_PROFILE = "c6fa6312-2144-4c5d-b82d-b3c2939f43e3";
			};
			name = Release;
		};
/* End XCBuildConfiguration section */

/* Begin XCConfigurationList section */
		B369F3C41CD6AD7C006997E4 /* Build configuration list for PBXProject "DQStudy" */ = {
			isa = XCConfigurationList;
			buildConfigurations = (
				B369F3DE1CD6AD7C006997E4 /* Debug */,
				B369F3DF1CD6AD7C006997E4 /* Release */,
			);
			defaultConfigurationIsVisible = 0;
			defaultConfigurationName = Release;
		};
		B369F3E01CD6AD7C006997E4 /* Build configuration list for PBXNativeTarget "DQStudy" */ = {
			isa = XCConfigurationList;
			buildConfigurations = (
				B369F3E11CD6AD7C006997E4 /* Debug */,
				B369F3E21CD6AD7C006997E4 /* Release */,
			);
			defaultConfigurationIsVisible = 0;
			defaultConfigurationName = Release;
		};
/* End XCConfigurationList section */
	};
	rootObject = B369F3C11CD6AD7C006997E4 /* Project object */;
}
